{
  "name": "intgrah.github.io",
  "version": "1.0.0",
  "lockfileVersion": 2,
  "requires": true,
  "packages": {
    "": {
      "name": "intgrah.github.io",
      "version": "1.0.0",
      "license": "ISC",
      "devDependencies": {
        "@types/vexflow": "^3.0.1"
      }
    },
    "node_modules/@types/vexflow": {
      "version": "3.0.1",
      "resolved": "https://registry.npmjs.org/@types/vexflow/-/vexflow-3.0.1.tgz",
      "integrity": "sha512-uocoyb4hjVJ2sBsf7Oe4gGrwOaCohGsRV6zGOmJOFUrM8iI3OkQjNS2wDjt6gCo3Kg6tf3mRNnqnDFK57TZHZA==",
      "dev": true
    }
  },
  "dependencies": {
    "@types/vexflow": {
      "version": "3.0.1",
      "resolved": "https://registry.npmjs.org/@types/vexflow/-/vexflow-3.0.1.tgz",
      "integrity": "sha512-uocoyb4hjVJ2sBsf7Oe4gGrwOaCohGsRV6zGOmJOFUrM8iI3OkQjNS2wDjt6gCo3Kg6tf3mRNnqnDFK57TZHZA==",
      "dev": true
    }
  }
}
