{
  "name": "intgrah.github.io",
  "version": "1.0.0",
  "lockfileVersion": 2,
  "requires": true,
  "packages": {
    "": {
      "name": "intgrah.github.io",
      "version": "1.0.0",
      "license": "ISC",
      "dependencies": {
        "@types/jquery": "^3.5.9",
        "@types/vexflow": "^3.0.1",
        "jsb-js": "^1.4.6"
      },
      "devDependencies": {
        "typescript": "^4.5.2"
      }
    },
    "node_modules/@types/jquery": {
      "version": "3.5.9",
      "resolved": "https://registry.npmjs.org/@types/jquery/-/jquery-3.5.9.tgz",
      "integrity": "sha512-B8pDk+sH/tSv/HKdx6EQER6BfUOb2GtKs0LOmozziS4h7cbe8u/eYySfUAeTwD+J09SqV3man7AMWIA5mgzCBA==",
      "dependencies": {
        "@types/sizzle": "*"
      }
    },
    "node_modules/@types/sizzle": {
      "version": "2.3.3",
      "resolved": "https://registry.npmjs.org/@types/sizzle/-/sizzle-2.3.3.tgz",
      "integrity": "sha512-JYM8x9EGF163bEyhdJBpR2QX1R5naCJHC8ucJylJ3w9/CVBaskdQ8WqBf8MmQrd1kRvp/a4TS8HJ+bxzR7ZJYQ=="
    },
    "node_modules/@types/vexflow": {
      "version": "3.0.1",
      "resolved": "https://registry.npmjs.org/@types/vexflow/-/vexflow-3.0.1.tgz",
      "integrity": "sha512-uocoyb4hjVJ2sBsf7Oe4gGrwOaCohGsRV6zGOmJOFUrM8iI3OkQjNS2wDjt6gCo3Kg6tf3mRNnqnDFK57TZHZA=="
    },
    "node_modules/jsb-js": {
      "version": "1.4.6",
      "resolved": "https://registry.npmjs.org/jsb-js/-/jsb-js-1.4.6.tgz",
      "integrity": "sha512-/IuG/HumFnTMQvW3RxXUiCB07kblRycp6K+p6IjhXGCYvpmL6te+/4e2jxzOd7Z1crmF/frX3VM/tl5OPHzBfQ=="
    },
    "node_modules/typescript": {
      "version": "4.5.2",
      "resolved": "https://registry.npmjs.org/typescript/-/typescript-4.5.2.tgz",
      "integrity": "sha512-5BlMof9H1yGt0P8/WF+wPNw6GfctgGjXp5hkblpyT+8rkASSmkUKMXrxR0Xg8ThVCi/JnHQiKXeBaEwCeQwMFw==",
      "dev": true,
      "bin": {
        "tsc": "bin/tsc",
        "tsserver": "bin/tsserver"
      },
      "engines": {
        "node": ">=4.2.0"
      }
    }
  },
  "dependencies": {
    "@types/jquery": {
      "version": "3.5.9",
      "resolved": "https://registry.npmjs.org/@types/jquery/-/jquery-3.5.9.tgz",
      "integrity": "sha512-B8pDk+sH/tSv/HKdx6EQER6BfUOb2GtKs0LOmozziS4h7cbe8u/eYySfUAeTwD+J09SqV3man7AMWIA5mgzCBA==",
      "requires": {
        "@types/sizzle": "*"
      }
    },
    "@types/sizzle": {
      "version": "2.3.3",
      "resolved": "https://registry.npmjs.org/@types/sizzle/-/sizzle-2.3.3.tgz",
      "integrity": "sha512-JYM8x9EGF163bEyhdJBpR2QX1R5naCJHC8ucJylJ3w9/CVBaskdQ8WqBf8MmQrd1kRvp/a4TS8HJ+bxzR7ZJYQ=="
    },
    "@types/vexflow": {
      "version": "3.0.1",
      "resolved": "https://registry.npmjs.org/@types/vexflow/-/vexflow-3.0.1.tgz",
      "integrity": "sha512-uocoyb4hjVJ2sBsf7Oe4gGrwOaCohGsRV6zGOmJOFUrM8iI3OkQjNS2wDjt6gCo3Kg6tf3mRNnqnDFK57TZHZA=="
    },
    "jsb-js": {
      "version": "1.4.6",
      "resolved": "https://registry.npmjs.org/jsb-js/-/jsb-js-1.4.6.tgz",
      "integrity": "sha512-/IuG/HumFnTMQvW3RxXUiCB07kblRycp6K+p6IjhXGCYvpmL6te+/4e2jxzOd7Z1crmF/frX3VM/tl5OPHzBfQ=="
    },
    "typescript": {
      "version": "4.5.2",
      "resolved": "https://registry.npmjs.org/typescript/-/typescript-4.5.2.tgz",
      "integrity": "sha512-5BlMof9H1yGt0P8/WF+wPNw6GfctgGjXp5hkblpyT+8rkASSmkUKMXrxR0Xg8ThVCi/JnHQiKXeBaEwCeQwMFw==",
      "dev": true
    }
  }
}
